{
  "name": "ride-oasis",
  "version": "1.0.0",
  "lockfileVersion": 3,
  "requires": true,
  "packages": {
    "": {
      "name": "ride-oasis",
      "version": "1.0.0",
      "license": "ISC",
      "dependencies": {
        "@geolonia/normalize-japanese-addresses": "^3.1.3"
      },
      "devDependencies": {
        "@playwright/test": "^1.58.2",
        "playwright": "^1.58.2"
      }
    },
    "node_modules/@geolonia/japanese-addresses-v2": {
      "version": "0.0.5",
      "resolved": "https://registry.npmjs.org/@geolonia/japanese-addresses-v2/-/japanese-addresses-v2-0.0.5.tgz",
      "integrity": "sha512-oQsBRSCGVp18xDpHMGjudJuOmr5NNu4D+LSljAGW2w2oyDTa7KM34Id6ZSILBs/PqvKGfvpMCb8aOfW+tblMWg==",
      "license": "MIT"
    },
    "node_modules/@geolonia/japanese-numeral": {
      "version": "1.0.2",
      "resolved": "https://registry.npmjs.org/@geolonia/japanese-numeral/-/japanese-numeral-1.0.2.tgz",
      "integrity": "sha512-fOgkPtiewCpdMtQRqbfbR1ebkv4yxNoic0e90GYCdDzScUjrwc3AezpbGuw0sPUJE8HcT2TLZYdp7qpI7TQwHw==",
      "license": "MIT",
      "engines": {
        "node": ">=14.0.0"
      }
    },
    "node_modules/@geolonia/normalize-japanese-addresses": {
      "version": "3.1.3",
      "resolved": "https://registry.npmjs.org/@geolonia/normalize-japanese-addresses/-/normalize-japanese-addresses-3.1.3.tgz",
      "integrity": "sha512-hf3D01j4fahSdx7XsG0IKHmsZQBBfZEoTD7qLr5lQkewnCfKSMn9ocZ9DSIdyvOkKU1WSBquHsHw8KQfRJ+BSQ==",
      "license": "MIT",
      "dependencies": {
        "@geolonia/japanese-addresses-v2": "0.0.5",
        "@geolonia/japanese-numeral": "^1.0.2",
        "lru-cache": "^11.0.1",
        "papaparse": "^5.4.1",
        "undici": "^6.19.8"
      },
      "engines": {
        "node": ">=18"
      }
    },
    "node_modules/@playwright/test": {
      "version": "1.58.2",
      "resolved": "https://registry.npmjs.org/@playwright/test/-/test-1.58.2.tgz",
      "integrity": "sha512-akea+6bHYBBfA9uQqSYmlJXn61cTa+jbO87xVLCWbTqbWadRVmhxlXATaOjOgcBaWU4ePo0wB41KMFv3o35IXA==",
      "dev": true,
      "license": "Apache-2.0",
      "dependencies": {
        "playwright": "1.58.2"
      },
      "bin": {
        "playwright": "cli.js"
      },
      "engines": {
        "node": ">=18"
      }
    },
    "node_modules/fsevents": {
      "version": "2.3.2",
      "resolved": "https://registry.npmjs.org/fsevents/-/fsevents-2.3.2.tgz",
      "integrity": "sha512-xiqMQR4xAeHTuB9uWm+fFRcIOgKBMiOBP+eXiyT7jsgVCq1bkVygt00oASowB7EdtpOHaaPgKt812P9ab+DDKA==",
      "dev": true,
      "hasInstallScript": true,
      "license": "MIT",
      "optional": true,
      "os": [
        "darwin"
      ],
      "engines": {
        "node": "^8.16.0 || ^10.6.0 || >=11.0.0"
      }
    },
    "node_modules/lru-cache": {
      "version": "11.2.6",
      "resolved": "https://registry.npmjs.org/lru-cache/-/lru-cache-11.2.6.tgz",
      "integrity": "sha512-ESL2CrkS/2wTPfuend7Zhkzo2u0daGJ/A2VucJOgQ/C48S/zB8MMeMHSGKYpXhIjbPxfuezITkaBH1wqv00DDQ==",
      "license": "BlueOak-1.0.0",
      "engines": {
        "node": "20 || >=22"
      }
    },
    "node_modules/papaparse": {
      "version": "5.5.3",
      "resolved": "https://registry.npmjs.org/papaparse/-/papaparse-5.5.3.tgz",
      "integrity": "sha512-5QvjGxYVjxO59MGU2lHVYpRWBBtKHnlIAcSe1uNFCkkptUh63NFRj0FJQm7nR67puEruUci/ZkjmEFrjCAyP4A==",
      "license": "MIT"
    },
    "node_modules/playwright": {
      "version": "1.58.2",
      "resolved": "https://registry.npmjs.org/playwright/-/playwright-1.58.2.tgz",
      "integrity": "sha512-vA30H8Nvkq/cPBnNw4Q8TWz1EJyqgpuinBcHET0YVJVFldr8JDNiU9LaWAE1KqSkRYazuaBhTpB5ZzShOezQ6A==",
      "dev": true,
      "license": "Apache-2.0",
      "dependencies": {
        "playwright-core": "1.58.2"
      },
      "bin": {
        "playwright": "cli.js"
      },
      "engines": {
        "node": ">=18"
      },
      "optionalDependencies": {
        "fsevents": "2.3.2"
      }
    },
    "node_modules/playwright-core": {
      "version": "1.58.2",
      "resolved": "https://registry.npmjs.org/playwright-core/-/playwright-core-1.58.2.tgz",
      "integrity": "sha512-yZkEtftgwS8CsfYo7nm0KE8jsvm6i/PTgVtB8DL726wNf6H2IMsDuxCpJj59KDaxCtSnrWan2AeDqM7JBaultg==",
      "dev": true,
      "license": "Apache-2.0",
      "bin": {
        "playwright-core": "cli.js"
      },
      "engines": {
        "node": ">=18"
      }
    },
    "node_modules/undici": {
      "version": "6.23.0",
      "resolved": "https://registry.npmjs.org/undici/-/undici-6.23.0.tgz",
      "integrity": "sha512-VfQPToRA5FZs/qJxLIinmU59u0r7LXqoJkCzinq3ckNJp3vKEh7jTWN589YQ5+aoAC/TGRLyJLCPKcLQbM8r9g==",
      "license": "MIT",
      "engines": {
        "node": ">=18.17"
      }
    }
  }
}
